// !$*UTF8*$!
{
	archiveVersion = 1;
	classes = {
	};
	objectVersion = 48;
	objects = {

/* Begin PBXBuildFile section */
		39FA52F51F4A8B5B009F9E03 /* AppDelegate.swift in Sources */ = {isa = PBXBuildFile; fileRef = 39FA52F41F4A8B5B009F9E03 /* AppDelegate.swift */; };
		39FA52F71F4A8B5B009F9E03 /* ViewController.swift in Sources */ = {isa = PBXBuildFile; fileRef = 39FA52F61F4A8B5B009F9E03 /* ViewController.swift */; };
		39FA52FA1F4A8B5B009F9E03 /* Main.storyboard in Resources */ = {isa = PBXBuildFile; fileRef = 39FA52F81F4A8B5B009F9E03 /* Main.storyboard */; };
		39FA52FC1F4A8B5B009F9E03 /* Assets.xcassets in Resources */ = {isa = PBXBuildFile; fileRef = 39FA52FB1F4A8B5B009F9E03 /* Assets.xcassets */; };
		39FA52FF1F4A8B5B009F9E03 /* LaunchScreen.storyboard in Resources */ = {isa = PBXBuildFile; fileRef = 39FA52FD1F4A8B5B009F9E03 /* LaunchScreen.storyboard */; };
/* End PBXBuildFile section */

/* Begin PBXFileReference section */
		39FA52F11F4A8B5B009F9E03 /* FindBikeBT.app */ = {isa = PBXFileReference; explicitFileType = wrapper.application; includeInIndex = 0; path = FindBikeBT.app; sourceTree = BUILT_PRODUCTS_DIR; };
		39FA52F41F4A8B5B009F9E03 /* AppDelegate.swift */ = {isa = PBXFileReference; lastKnownFileType = sourcecode.swift; path = AppDelegate.swift; sourceTree = "<group>"; };
		39FA52F61F4A8B5B009F9E03 /* ViewController.swift */ = {isa = PBXFileReference; lastKnownFileType = sourcecode.swift; path = ViewController.swift; sourceTree = "<group>"; };
		39FA52F91F4A8B5B009F9E03 /* Base */ = {isa = PBXFileReference; lastKnownFileType = file.storyboard; name = Base; path = Base.lproj/Main.storyboard; sourceTree = "<group>"; };
		39FA52FB1F4A8B5B009F9E03 /* Assets.xcassets */ = {isa = PBXFileReference; lastKnownFileType = folder.assetcatalog; path = Assets.xcassets; sourceTree = "<group>"; };
		39FA52FE1F4A8B5B009F9E03 /* Base */ = {isa = PBXFileReference; lastKnownFileType = file.storyboard; name = Base; path = Base.lproj/LaunchScreen.storyboard; sourceTree = "<group>"; };
		39FA53001F4A8B5B009F9E03 /* Info.plist */ = {isa = PBXFileReference; lastKnownFileType = text.plist.xml; path = Info.plist; sourceTree = "<group>"; };
/* End PBXFileReference section */

/* Begin PBXFrameworksBuildPhase section */
		39FA52EE1F4A8B5B009F9E03 /* Frameworks */ = {
			isa = PBXFrameworksBuildPhase;
			buildActionMask = 2147483647;
			files = (
			);
			runOnlyForDeploymentPostprocessing = 0;
		};
/* End PBXFrameworksBuildPhase section */

/* Begin PBXGroup section */
		39FA52E81F4A8B5B009F9E03 = {
			isa = PBXGroup;
			children = (
				39FA52F31F4A8B5B009F9E03 /* FindBikeBT */,
				39FA52F21F4A8B5B009F9E03 /* Products */,
			);
			sourceTree = "<group>";
		};
		39FA52F21F4A8B5B009F9E03 /* Products */ = {
			isa = PBXGroup;
			children = (
				39FA52F11F4A8B5B009F9E03 /* FindBikeBT.app */,
			);
			name = Products;
			sourceTree = "<group>";
		};
		39FA52F31F4A8B5B009F9E03 /* FindBikeBT */ = {
			isa = PBXGroup;
			children = (
				39FA52F41F4A8B5B009F9E03 /* AppDelegate.swift */,
				39FA52F61F4A8B5B009F9E03 /* ViewController.swift */,
				39FA52F81F4A8B5B009F9E03 /* Main.storyboard */,
				39FA52FB1F4A8B5B009F9E03 /* Assets.xcassets */,
				39FA52FD1F4A8B5B009F9E03 /* LaunchScreen.storyboard */,
				39FA53001F4A8B5B009F9E03 /* Info.plist */,
			);
			path = FindBikeBT;
			sourceTree = "<group>";
		};
/* End PBXGroup section */

/* Begin PBXNativeTarget section */
		39FA52F01F4A8B5B009F9E03 /* FindBikeBT */ = {
			isa = PBXNativeTarget;
			buildConfigurationList = 39FA53031F4A8B5B009F9E03 /* Build configuration list for PBXNativeTarget "FindBikeBT" */;
			buildPhases = (
				39FA52ED1F4A8B5B009F9E03 /* Sources */,
				39FA52EE1F4A8B5B009F9E03 /* Frameworks */,
				39FA52EF1F4A8B5B009F9E03 /* Resources */,
			);
			buildRules = (
			);
			dependencies = (
			);
			name = FindBikeBT;
			productName = FindBikeBT;
			productReference = 39FA52F11F4A8B5B009F9E03 /* FindBikeBT.app */;
			productType = "com.apple.product-type.application";
		};
/* End PBXNativeTarget section */

/* Begin PBXProject section */
		39FA52E91F4A8B5B009F9E03 /* Project object */ = {
			isa = PBXProject;
			attributes = {
				LastSwiftUpdateCheck = 0900;
				LastUpgradeCheck = 0900;
				ORGANIZATIONNAME = "ChengYen Chen";
				TargetAttributes = {
					39FA52F01F4A8B5B009F9E03 = {
						CreatedOnToolsVersion = 9.0;
					};
				};
			};
			buildConfigurationList = 39FA52EC1F4A8B5B009F9E03 /* Build configuration list for PBXProject "FindBikeBT" */;
			compatibilityVersion = "Xcode 8.0";
			developmentRegion = en;
			hasScannedForEncodings = 0;
			knownRegions = (
				en,
				Base,
			);
			mainGroup = 39FA52E81F4A8B5B009F9E03;
			productRefGroup = 39FA52F21F4A8B5B009F9E03 /* Products */;
			projectDirPath = "";
			projectRoot = "";
			targets = (
				39FA52F01F4A8B5B009F9E03 /* FindBikeBT */,
			);
		};
/* End PBXProject section */

/* Begin PBXResourcesBuildPhase section */
		39FA52EF1F4A8B5B009F9E03 /* Resources */ = {
			isa = PBXResourcesBuildPhase;
			buildActionMask = 2147483647;
			files = (
				39FA52FF1F4A8B5B009F9E03 /* LaunchScreen.storyboard in Resources */,
				39FA52FC1F4A8B5B009F9E03 /* Assets.xcassets in Resources */,
				39FA52FA1F4A8B5B009F9E03 /* Main.storyboard in Resources */,
			);
			runOnlyForDeploymentPostprocessing = 0;
		};
/* End PBXResourcesBuildPhase section */

/* Begin PBXSourcesBuildPhase section */
		39FA52ED1F4A8B5B009F9E03 /* Sources */ = {
			isa = PBXSourcesBuildPhase;
			buildActionMask = 2147483647;
			files = (
				39FA52F71F4A8B5B009F9E03 /* ViewController.swift in Sources */,
				39FA52F51F4A8B5B009F9E03 /* AppDelegate.swift in Sources */,
			);
			runOnlyForDeploymentPostprocessing = 0;
		};
/* End PBXSourcesBuildPhase section */

/* Begin PBXVariantGroup section */
		39FA52F81F4A8B5B009F9E03 /* Main.storyboard */ = {
			isa = PBXVariantGroup;
			children = (
				39FA52F91F4A8B5B009F9E03 /* Base */,
			);
			name = Main.storyboard;
			sourceTree = "<group>";
		};
		39FA52FD1F4A8B5B009F9E03 /* LaunchScreen.storyboard */ = {
			isa = PBXVariantGroup;
			children = (
				39FA52FE1F4A8B5B009F9E03 /* Base */,
			);
			name = LaunchScreen.storyboard;
			sourceTree = "<group>";
		};
/* End PBXVariantGroup section */

/* Begin XCBuildConfiguration section */
		39FA53011F4A8B5B009F9E03 /* Debug */ = {
			isa = XCBuildConfiguration;
			buildSettings = {
				ALWAYS_SEARCH_USER_PATHS = NO;
				CLANG_ANALYZER_NONNULL = YES;
				CLANG_ANALYZER_NUMBER_OBJECT_CONVERSION = YES_AGGRESSIVE;
				CLANG_CXX_LANGUAGE_STANDARD = "gnu++14";
				CLANG_CXX_LIBRARY = "libc++";
				CLANG_ENABLE_MODULES = YES;
				CLANG_ENABLE_OBJC_ARC = YES;
				CLANG_WARN_BLOCK_CAPTURE_AUTORELEASING = YES;
				CLANG_WARN_BOOL_CONVERSION = YES;
				CLANG_WARN_COMMA = YES;
				CLANG_WARN_CONSTANT_CONVERSION = YES;
				CLANG_WARN_DIRECT_OBJC_ISA_USAGE = YES_ERROR;
				CLANG_WARN_DOCUMENTATION_COMMENTS = YES;
				CLANG_WARN_EMPTY_BODY = YES;
				CLANG_WARN_ENUM_CONVERSION = YES;
				CLANG_WARN_INFINITE_RECURSION = YES;
				CLANG_WARN_INT_CONVERSION = YES;
				CLANG_WARN_NON_LITERAL_NULL_CONVERSION = YES;
				CLANG_WARN_OBJC_LITERAL_CONVERSION = YES;
				CLANG_WARN_OBJC_ROOT_CLASS = YES_ERROR;
				CLANG_WARN_RANGE_LOOP_ANALYSIS = YES;
				CLANG_WARN_STRICT_PROTOTYPES = YES;
				CLANG_WARN_SUSPICIOUS_MOVE = YES;
				CLANG_WARN_UNGUARDED_AVAILABILITY = YES_AGGRESSIVE;
				CLANG_WARN_UNREACHABLE_CODE = YES;
				CLANG_WARN__DUPLICATE_METHOD_MATCH = YES;
				CODE_SIGN_IDENTITY = "iPhone Developer";
				COPY_PHASE_STRIP = NO;
				DEBUG_INFORMATION_FORMAT = dwarf;
				ENABLE_STRICT_OBJC_MSGSEND = YES;
				ENABLE_TESTABILITY = YES;
				GCC_C_LANGUAGE_STANDARD = gnu11;
				GCC_DYNAMIC_NO_PIC = NO;
				GCC_NO_COMMON_BLOCKS = YES;
				GCC_OPTIMIZATION_LEVEL = 0;
				GCC_PREPROCESSOR_DEFINITIONS = (
					"DEBUG=1",
					"$(inherited)",
				);
				GCC_WARN_64_TO_32_BIT_CONVERSION = YES;
				GCC_WARN_ABOUT_RETURN_TYPE = YES_ERROR;
				GCC_WARN_UNDECLARED_SELECTOR = YES;
				GCC_WARN_UNINITIALIZED_AUTOS = YES_AGGRESSIVE;
				GCC_WARN_UNUSED_FUNCTION = YES;
				GCC_WARN_UNUSED_VARIABLE = YES;
				IPHONEOS_DEPLOYMENT_TARGET = 11.0;
				MTL_ENABLE_DEBUG_INFO = YES;
				ONLY_ACTIVE_ARCH = YES;
				SDKROOT = iphoneos;
				SWIFT_ACTIVE_COMPILATION_CONDITIONS = DEBUG;
				SWIFT_OPTIMIZATION_LEVEL = "-Onone";
			};
			name = Debug;
		};
		39FA53021F4A8B5B009F9E03 /* Release */ = {
			isa = XCBuildConfiguration;
			buildSettings = {
				ALWAYS_SEARCH_USER_PATHS = NO;
				CLANG_ANALYZER_NONNULL = YES;
				CLANG_ANALYZER_NUMBER_OBJECT_CONVERSION = YES_AGGRESSIVE;
				CLANG_CXX_LANGUAGE_STANDARD = "gnu++14";
				CLANG_CXX_LIBRARY = "libc++";
				CLANG_ENABLE_MODULES = YES;
				CLANG_ENABLE_OBJC_ARC = YES;
				CLANG_WARN_BLOCK_CAPTURE_AUTORELEASING = YES;
				CLANG_WARN_BOOL_CONVERSION = YES;
				CLANG_WARN_COMMA = YES;
				CLANG_WARN_CONSTANT_CONVERSION = YES;
				CLANG_WARN_DIRECT_OBJC_ISA_USAGE = YES_ERROR;
				CLANG_WARN_DOCUMENTATION_COMMENTS = YES;
				CLANG_WARN_EMPTY_BODY = YES;
				CLANG_WARN_ENUM_CONVERSION = YES;
				CLANG_WARN_INFINITE_RECURSION = YES;
				CLANG_WARN_INT_CONVERSION = YES;
				CLANG_WARN_NON_LITERAL_NULL_CONVERSION = YES;
				CLANG_WARN_OBJC_LITERAL_CONVERSION = YES;
				CLANG_WARN_OBJC_ROOT_CLASS = YES_ERROR;
				CLANG_WARN_RANGE_LOOP_ANALYSIS = YES;
				CLANG_WARN_STRICT_PROTOTYPES = YES;
				CLANG_WARN_SUSPICIOUS_MOVE = YES;
				CLANG_WARN_UNGUARDED_AVAILABILITY = YES_AGGRESSIVE;
				CLANG_WARN_UNREACHABLE_CODE = YES;
				CLANG_WARN__DUPLICATE_METHOD_MATCH = YES;
				CODE_SIGN_IDENTITY = "iPhone Developer";
				COPY_PHASE_STRIP = NO;
				DEBUG_INFORMATION_FORMAT = "dwarf-with-dsym";
				ENABLE_NS_ASSERTIONS = NO;
				ENABLE_STRICT_OBJC_MSGSEND = YES;
				GCC_C_LANGUAGE_STANDARD = gnu11;
				GCC_NO_COMMON_BLOCKS = YES;
				GCC_WARN_64_TO_32_BIT_CONVERSION = YES;
				GCC_WARN_ABOUT_RETURN_TYPE = YES_ERROR;
				GCC_WARN_UNDECLARED_SELECTOR = YES;
				GCC_WARN_UNINITIALIZED_AUTOS = YES_AGGRESSIVE;
				GCC_WARN_UNUSED_FUNCTION = YES;
				GCC_WARN_UNUSED_VARIABLE = YES;
				IPHONEOS_DEPLOYMENT_TARGET = 11.0;
				MTL_ENABLE_DEBUG_INFO = NO;
				SDKROOT = iphoneos;
				SWIFT_OPTIMIZATION_LEVEL = "-Owholemodule";
				VALIDATE_PRODUCT = YES;
			};
			name = Release;
		};
		39FA53041F4A8B5B009F9E03 /* Debug */ = {
			isa = XCBuildConfiguration;
			buildSettings = {
				ASSETCATALOG_COMPILER_APPICON_NAME = AppIcon;
				DEVELOPMENT_TEAM = JR8R6WJLBX;
				INFOPLIST_FILE = FindBikeBT/Info.plist;
				LD_RUNPATH_SEARCH_PATHS = "$(inherited) @executable_path/Frameworks";
				PRODUCT_BUNDLE_IDENTIFIER = com.AtKit.FindBikeBT;
				PRODUCT_NAME = "$(TARGET_NAME)";
				SWIFT_VERSION = 4.0;
				TARGETED_DEVICE_FAMILY = "1,2";
			};
			name = Debug;
		};
		39FA53051F4A8B5B009F9E03 /* Release */ = {
			isa = XCBuildConfiguration;
			buildSettings = {
				ASSETCATALOG_COMPILER_APPICON_NAME = AppIcon;
				DEVELOPMENT_TEAM = JR8R6WJLBX;
				INFOPLIST_FILE = FindBikeBT/Info.plist;
				LD_RUNPATH_SEARCH_PATHS = "$(inherited) @executable_path/Frameworks";
				PRODUCT_BUNDLE_IDENTIFIER = com.AtKit.FindBikeBT;
				PRODUCT_NAME = "$(TARGET_NAME)";
				SWIFT_VERSION = 4.0;
				TARGETED_DEVICE_FAMILY = "1,2";
			};
			name = Release;
		};
/* End XCBuildConfiguration section */

/* Begin XCConfigurationList section */
		39FA52EC1F4A8B5B009F9E03 /* Build configuration list for PBXProject "FindBikeBT" */ = {
			isa = XCConfigurationList;
			buildConfigurations = (
				39FA53011F4A8B5B009F9E03 /* Debug */,
				39FA53021F4A8B5B009F9E03 /* Release */,
			);
			defaultConfigurationIsVisible = 0;
			defaultConfigurationName = Release;
		};
		39FA53031F4A8B5B009F9E03 /* Build configuration list for PBXNativeTarget "FindBikeBT" */ = {
			isa = XCConfigurationList;
			buildConfigurations = (
				39FA53041F4A8B5B009F9E03 /* Debug */,
				39FA53051F4A8B5B009F9E03 /* Release */,
			);
			defaultConfigurationIsVisible = 0;
			defaultConfigurationName = Release;
		};
/* End XCConfigurationList section */
	};
	rootObject = 39FA52E91F4A8B5B009F9E03 /* Project object */;
}
